// !$*UTF8*$!
{
	archiveVersion = 1;
	classes = {
	};
	objectVersion = 56;
	objects = {

/* Begin PBXBuildFile section */
		C119D20C298BB12B003E2902 /* Restart_App_DhanushApp.swift in Sources */ = {isa = PBXBuildFile; fileRef = C119D20B298BB12B003E2902 /* Restart_App_DhanushApp.swift */; };
		C119D20E298BB12B003E2902 /* ContentView.swift in Sources */ = {isa = PBXBuildFile; fileRef = C119D20D298BB12B003E2902 /* ContentView.swift */; };
		C119D210298BB12D003E2902 /* Assets.xcassets in Resources */ = {isa = PBXBuildFile; fileRef = C119D20F298BB12D003E2902 /* Assets.xcassets */; };
		C119D213298BB12D003E2902 /* Preview Assets.xcassets in Resources */ = {isa = PBXBuildFile; fileRef = C119D212298BB12D003E2902 /* Preview Assets.xcassets */; };
		C119D21F298BF6FD003E2902 /* chimeup.mp3 in Resources */ = {isa = PBXBuildFile; fileRef = C119D21D298BF6FD003E2902 /* chimeup.mp3 */; };
		C119D220298BF6FD003E2902 /* success.m4a in Resources */ = {isa = PBXBuildFile; fileRef = C119D21E298BF6FD003E2902 /* success.m4a */; };
		C119D227298BFAF3003E2902 /* OnboardingView.swift in Sources */ = {isa = PBXBuildFile; fileRef = C119D226298BFAF3003E2902 /* OnboardingView.swift */; };
		C119D229298BFAFD003E2902 /* HomeView.swift in Sources */ = {isa = PBXBuildFile; fileRef = C119D228298BFAFD003E2902 /* HomeView.swift */; };
		C119D22B298CC58D003E2902 /* CirecleGroupView.swift in Sources */ = {isa = PBXBuildFile; fileRef = C119D22A298CC58D003E2902 /* CirecleGroupView.swift */; };
		C119D22D298CEF1C003E2902 /* AudioPlayer.swift in Sources */ = {isa = PBXBuildFile; fileRef = C119D22C298CEF1C003E2902 /* AudioPlayer.swift */; };
/* End PBXBuildFile section */

/* Begin PBXFileReference section */
		C119D208298BB12B003E2902 /* Restart-App-Dhanush.app */ = {isa = PBXFileReference; explicitFileType = wrapper.application; includeInIndex = 0; path = "Restart-App-Dhanush.app"; sourceTree = BUILT_PRODUCTS_DIR; };
		C119D20B298BB12B003E2902 /* Restart_App_DhanushApp.swift */ = {isa = PBXFileReference; lastKnownFileType = sourcecode.swift; path = Restart_App_DhanushApp.swift; sourceTree = "<group>"; };
		C119D20D298BB12B003E2902 /* ContentView.swift */ = {isa = PBXFileReference; lastKnownFileType = sourcecode.swift; path = ContentView.swift; sourceTree = "<group>"; };
		C119D20F298BB12D003E2902 /* Assets.xcassets */ = {isa = PBXFileReference; lastKnownFileType = folder.assetcatalog; path = Assets.xcassets; sourceTree = "<group>"; };
		C119D212298BB12D003E2902 /* Preview Assets.xcassets */ = {isa = PBXFileReference; lastKnownFileType = folder.assetcatalog; path = "Preview Assets.xcassets"; sourceTree = "<group>"; };
		C119D21D298BF6FD003E2902 /* chimeup.mp3 */ = {isa = PBXFileReference; lastKnownFileType = audio.mp3; path = chimeup.mp3; sourceTree = "<group>"; };
		C119D21E298BF6FD003E2902 /* success.m4a */ = {isa = PBXFileReference; lastKnownFileType = file; path = success.m4a; sourceTree = "<group>"; };
		C119D225298BFA81003E2902 /* Info.plist */ = {isa = PBXFileReference; lastKnownFileType = text.plist; path = Info.plist; sourceTree = "<group>"; };
		C119D226298BFAF3003E2902 /* OnboardingView.swift */ = {isa = PBXFileReference; lastKnownFileType = sourcecode.swift; path = OnboardingView.swift; sourceTree = "<group>"; };
		C119D228298BFAFD003E2902 /* HomeView.swift */ = {isa = PBXFileReference; lastKnownFileType = sourcecode.swift; path = HomeView.swift; sourceTree = "<group>"; };
		C119D22A298CC58D003E2902 /* CirecleGroupView.swift */ = {isa = PBXFileReference; lastKnownFileType = sourcecode.swift; path = CirecleGroupView.swift; sourceTree = "<group>"; };
		C119D22C298CEF1C003E2902 /* AudioPlayer.swift */ = {isa = PBXFileReference; lastKnownFileType = sourcecode.swift; path = AudioPlayer.swift; sourceTree = "<group>"; };
/* End PBXFileReference section */

/* Begin PBXFrameworksBuildPhase section */
		C119D205298BB12B003E2902 /* Frameworks */ = {
			isa = PBXFrameworksBuildPhase;
			buildActionMask = 2147483647;
			files = (
			);
			runOnlyForDeploymentPostprocessing = 0;
		};
/* End PBXFrameworksBuildPhase section */

/* Begin PBXGroup section */
		C119D1FF298BB12B003E2902 = {
			isa = PBXGroup;
			children = (
				C119D20A298BB12B003E2902 /* Restart-App-Dhanush */,
				C119D209298BB12B003E2902 /* Products */,
			);
			sourceTree = "<group>";
		};
		C119D209298BB12B003E2902 /* Products */ = {
			isa = PBXGroup;
			children = (
				C119D208298BB12B003E2902 /* Restart-App-Dhanush.app */,
			);
			name = Products;
			sourceTree = "<group>";
		};
		C119D20A298BB12B003E2902 /* Restart-App-Dhanush */ = {
			isa = PBXGroup;
			children = (
				C119D225298BFA81003E2902 /* Info.plist */,
				C119D224298BF89D003E2902 /* Utility */,
				C119D223298BF886003E2902 /* Views */,
				C119D221298BF709003E2902 /* Sounds */,
				C119D20B298BB12B003E2902 /* Restart_App_DhanushApp.swift */,
				C119D222298BF85E003E2902 /* Screens */,
				C119D20F298BB12D003E2902 /* Assets.xcassets */,
				C119D211298BB12D003E2902 /* Preview Content */,
			);
			path = "Restart-App-Dhanush";
			sourceTree = "<group>";
		};
		C119D211298BB12D003E2902 /* Preview Content */ = {
			isa = PBXGroup;
			children = (
				C119D212298BB12D003E2902 /* Preview Assets.xcassets */,
			);
			path = "Preview Content";
			sourceTree = "<group>";
		};
		C119D221298BF709003E2902 /* Sounds */ = {
			isa = PBXGroup;
			children = (
				C119D21D298BF6FD003E2902 /* chimeup.mp3 */,
				C119D21E298BF6FD003E2902 /* success.m4a */,
			);
			path = Sounds;
			sourceTree = "<group>";
		};
		C119D222298BF85E003E2902 /* Screens */ = {
			isa = PBXGroup;
			children = (
				C119D20D298BB12B003E2902 /* ContentView.swift */,
				C119D226298BFAF3003E2902 /* OnboardingView.swift */,
				C119D228298BFAFD003E2902 /* HomeView.swift */,
			);
			path = Screens;
			sourceTree = "<group>";
		};
		C119D223298BF886003E2902 /* Views */ = {
			isa = PBXGroup;
			children = (
				C119D22A298CC58D003E2902 /* CirecleGroupView.swift */,
			);
			path = Views;
			sourceTree = "<group>";
		};
		C119D224298BF89D003E2902 /* Utility */ = {
			isa = PBXGroup;
			children = (
				C119D22C298CEF1C003E2902 /* AudioPlayer.swift */,
			);
			path = Utility;
			sourceTree = "<group>";
		};
/* End PBXGroup section */

/* Begin PBXNativeTarget section */
		C119D207298BB12B003E2902 /* Restart-App-Dhanush */ = {
			isa = PBXNativeTarget;
			buildConfigurationList = C119D216298BB12D003E2902 /* Build configuration list for PBXNativeTarget "Restart-App-Dhanush" */;
			buildPhases = (
				C119D204298BB12B003E2902 /* Sources */,
				C119D205298BB12B003E2902 /* Frameworks */,
				C119D206298BB12B003E2902 /* Resources */,
			);
			buildRules = (
			);
			dependencies = (
			);
			name = "Restart-App-Dhanush";
			productName = "Restart-App-Dhanush";
			productReference = C119D208298BB12B003E2902 /* Restart-App-Dhanush.app */;
			productType = "com.apple.product-type.application";
		};
/* End PBXNativeTarget section */

/* Begin PBXProject section */
		C119D200298BB12B003E2902 /* Project object */ = {
			isa = PBXProject;
			attributes = {
				BuildIndependentTargetsInParallel = 1;
				LastSwiftUpdateCheck = 1410;
				LastUpgradeCheck = 1410;
				TargetAttributes = {
					C119D207298BB12B003E2902 = {
						CreatedOnToolsVersion = 14.1;
					};
				};
			};
			buildConfigurationList = C119D203298BB12B003E2902 /* Build configuration list for PBXProject "Restart-App-Dhanush" */;
			compatibilityVersion = "Xcode 14.0";
			developmentRegion = en;
			hasScannedForEncodings = 0;
			knownRegions = (
				en,
				Base,
			);
			mainGroup = C119D1FF298BB12B003E2902;
			productRefGroup = C119D209298BB12B003E2902 /* Products */;
			projectDirPath = "";
			projectRoot = "";
			targets = (
				C119D207298BB12B003E2902 /* Restart-App-Dhanush */,
			);
		};
/* End PBXProject section */

/* Begin PBXResourcesBuildPhase section */
		C119D206298BB12B003E2902 /* Resources */ = {
			isa = PBXResourcesBuildPhase;
			buildActionMask = 2147483647;
			files = (
				C119D220298BF6FD003E2902 /* success.m4a in Resources */,
				C119D21F298BF6FD003E2902 /* chimeup.mp3 in Resources */,
				C119D213298BB12D003E2902 /* Preview Assets.xcassets in Resources */,
				C119D210298BB12D003E2902 /* Assets.xcassets in Resources */,
			);
			runOnlyForDeploymentPostprocessing = 0;
		};
/* End PBXResourcesBuildPhase section */

/* Begin PBXSourcesBuildPhase section */
		C119D204298BB12B003E2902 /* Sources */ = {
			isa = PBXSourcesBuildPhase;
			buildActionMask = 2147483647;
			files = (
				C119D22B298CC58D003E2902 /* CirecleGroupView.swift in Sources */,
				C119D227298BFAF3003E2902 /* OnboardingView.swift in Sources */,
				C119D229298BFAFD003E2902 /* HomeView.swift in Sources */,
				C119D20E298BB12B003E2902 /* ContentView.swift in Sources */,
				C119D20C298BB12B003E2902 /* Restart_App_DhanushApp.swift in Sources */,
				C119D22D298CEF1C003E2902 /* AudioPlayer.swift in Sources */,
			);
			runOnlyForDeploymentPostprocessing = 0;
		};
/* End PBXSourcesBuildPhase section */

/* Begin XCBuildConfiguration section */
		C119D214298BB12D003E2902 /* Debug */ = {
			isa = XCBuildConfiguration;
			buildSettings = {
				ALWAYS_SEARCH_USER_PATHS = NO;
				CLANG_ANALYZER_NONNULL = YES;
				CLANG_ANALYZER_NUMBER_OBJECT_CONVERSION = YES_AGGRESSIVE;
				CLANG_CXX_LANGUAGE_STANDARD = "gnu++20";
				CLANG_ENABLE_MODULES = YES;
				CLANG_ENABLE_OBJC_ARC = YES;
				CLANG_ENABLE_OBJC_WEAK = YES;
				CLANG_WARN_BLOCK_CAPTURE_AUTORELEASING = YES;
				CLANG_WARN_BOOL_CONVERSION = YES;
				CLANG_WARN_COMMA = YES;
				CLANG_WARN_CONSTANT_CONVERSION = YES;
				CLANG_WARN_DEPRECATED_OBJC_IMPLEMENTATIONS = YES;
				CLANG_WARN_DIRECT_OBJC_ISA_USAGE = YES_ERROR;
				CLANG_WARN_DOCUMENTATION_COMMENTS = YES;
				CLANG_WARN_EMPTY_BODY = YES;
				CLANG_WARN_ENUM_CONVERSION = YES;
				CLANG_WARN_INFINITE_RECURSION = YES;
				CLANG_WARN_INT_CONVERSION = YES;
				CLANG_WARN_NON_LITERAL_NULL_CONVERSION = YES;
				CLANG_WARN_OBJC_IMPLICIT_RETAIN_SELF = YES;
				CLANG_WARN_OBJC_LITERAL_CONVERSION = YES;
				CLANG_WARN_OBJC_ROOT_CLASS = YES_ERROR;
				CLANG_WARN_QUOTED_INCLUDE_IN_FRAMEWORK_HEADER = YES;
				CLANG_WARN_RANGE_LOOP_ANALYSIS = YES;
				CLANG_WARN_STRICT_PROTOTYPES = YES;
				CLANG_WARN_SUSPICIOUS_MOVE = YES;
				CLANG_WARN_UNGUARDED_AVAILABILITY = YES_AGGRESSIVE;
				CLANG_WARN_UNREACHABLE_CODE = YES;
				CLANG_WARN__DUPLICATE_METHOD_MATCH = YES;
				COPY_PHASE_STRIP = NO;
				DEBUG_INFORMATION_FORMAT = dwarf;
				ENABLE_STRICT_OBJC_MSGSEND = YES;
				ENABLE_TESTABILITY = YES;
				GCC_C_LANGUAGE_STANDARD = gnu11;
				GCC_DYNAMIC_NO_PIC = NO;
				GCC_NO_COMMON_BLOCKS = YES;
				GCC_OPTIMIZATION_LEVEL = 0;
				GCC_PREPROCESSOR_DEFINITIONS = (
					"DEBUG=1",
					"$(inherited)",
				);
				GCC_WARN_64_TO_32_BIT_CONVERSION = YES;
				GCC_WARN_ABOUT_RETURN_TYPE = YES_ERROR;
				GCC_WARN_UNDECLARED_SELECTOR = YES;
				GCC_WARN_UNINITIALIZED_AUTOS = YES_AGGRESSIVE;
				GCC_WARN_UNUSED_FUNCTION = YES;
				GCC_WARN_UNUSED_VARIABLE = YES;
				IPHONEOS_DEPLOYMENT_TARGET = 16.1;
				MTL_ENABLE_DEBUG_INFO = INCLUDE_SOURCE;
				MTL_FAST_MATH = YES;
				ONLY_ACTIVE_ARCH = YES;
				SDKROOT = iphoneos;
				SWIFT_ACTIVE_COMPILATION_CONDITIONS = DEBUG;
				SWIFT_OPTIMIZATION_LEVEL = "-Onone";
			};
			name = Debug;
		};
		C119D215298BB12D003E2902 /* Release */ = {
			isa = XCBuildConfiguration;
			buildSettings = {
				ALWAYS_SEARCH_USER_PATHS = NO;
				CLANG_ANALYZER_NONNULL = YES;
				CLANG_ANALYZER_NUMBER_OBJECT_CONVERSION = YES_AGGRESSIVE;
				CLANG_CXX_LANGUAGE_STANDARD = "gnu++20";
				CLANG_ENABLE_MODULES = YES;
				CLANG_ENABLE_OBJC_ARC = YES;
				CLANG_ENABLE_OBJC_WEAK = YES;
				CLANG_WARN_BLOCK_CAPTURE_AUTORELEASING = YES;
				CLANG_WARN_BOOL_CONVERSION = YES;
				CLANG_WARN_COMMA = YES;
				CLANG_WARN_CONSTANT_CONVERSION = YES;
				CLANG_WARN_DEPRECATED_OBJC_IMPLEMENTATIONS = YES;
				CLANG_WARN_DIRECT_OBJC_ISA_USAGE = YES_ERROR;
				CLANG_WARN_DOCUMENTATION_COMMENTS = YES;
				CLANG_WARN_EMPTY_BODY = YES;
				CLANG_WARN_ENUM_CONVERSION = YES;
				CLANG_WARN_INFINITE_RECURSION = YES;
				CLANG_WARN_INT_CONVERSION = YES;
				CLANG_WARN_NON_LITERAL_NULL_CONVERSION = YES;
				CLANG_WARN_OBJC_IMPLICIT_RETAIN_SELF = YES;
				CLANG_WARN_OBJC_LITERAL_CONVERSION = YES;
				CLANG_WARN_OBJC_ROOT_CLASS = YES_ERROR;
				CLANG_WARN_QUOTED_INCLUDE_IN_FRAMEWORK_HEADER = YES;
				CLANG_WARN_RANGE_LOOP_ANALYSIS = YES;
				CLANG_WARN_STRICT_PROTOTYPES = YES;
				CLANG_WARN_SUSPICIOUS_MOVE = YES;
				CLANG_WARN_UNGUARDED_AVAILABILITY = YES_AGGRESSIVE;
				CLANG_WARN_UNREACHABLE_CODE = YES;
				CLANG_WARN__DUPLICATE_METHOD_MATCH = YES;
				COPY_PHASE_STRIP = NO;
				DEBUG_INFORMATION_FORMAT = "dwarf-with-dsym";
				ENABLE_NS_ASSERTIONS = NO;
				ENABLE_STRICT_OBJC_MSGSEND = YES;
				GCC_C_LANGUAGE_STANDARD = gnu11;
				GCC_NO_COMMON_BLOCKS = YES;
				GCC_WARN_64_TO_32_BIT_CONVERSION = YES;
				GCC_WARN_ABOUT_RETURN_TYPE = YES_ERROR;
				GCC_WARN_UNDECLARED_SELECTOR = YES;
				GCC_WARN_UNINITIALIZED_AUTOS = YES_AGGRESSIVE;
				GCC_WARN_UNUSED_FUNCTION = YES;
				GCC_WARN_UNUSED_VARIABLE = YES;
				IPHONEOS_DEPLOYMENT_TARGET = 16.1;
				MTL_ENABLE_DEBUG_INFO = NO;
				MTL_FAST_MATH = YES;
				SDKROOT = iphoneos;
				SWIFT_COMPILATION_MODE = wholemodule;
				SWIFT_OPTIMIZATION_LEVEL = "-O";
				VALIDATE_PRODUCT = YES;
			};
			name = Release;
		};
		C119D217298BB12D003E2902 /* Debug */ = {
			isa = XCBuildConfiguration;
			buildSettings = {
				ASSETCATALOG_COMPILER_APPICON_NAME = AppIcon;
				ASSETCATALOG_COMPILER_GLOBAL_ACCENT_COLOR_NAME = AccentColor;
				CODE_SIGN_STYLE = Automatic;
				CURRENT_PROJECT_VERSION = 1;
				DEVELOPMENT_ASSET_PATHS = "\"Restart-App-Dhanush/Preview Content\"";
				DEVELOPMENT_TEAM = 4QZ26LT3W2;
				ENABLE_PREVIEWS = YES;
				GENERATE_INFOPLIST_FILE = YES;
				INFOPLIST_FILE = "Restart-App-Dhanush/Info.plist";
				INFOPLIST_KEY_UIApplicationSceneManifest_Generation = YES;
				INFOPLIST_KEY_UIApplicationSupportsIndirectInputEvents = YES;
				INFOPLIST_KEY_UISupportedInterfaceOrientations = UIInterfaceOrientationPortrait;
				LD_RUNPATH_SEARCH_PATHS = (
					"$(inherited)",
					"@executable_path/Frameworks",
				);
				MARKETING_VERSION = 1.0;
				PRODUCT_BUNDLE_IDENTIFIER = "co.dhanush.Restart-App-Dhanush";
				PRODUCT_NAME = "$(TARGET_NAME)";
				SWIFT_EMIT_LOC_STRINGS = YES;
				SWIFT_VERSION = 5.0;
				TARGETED_DEVICE_FAMILY = "1,2";
			};
			name = Debug;
		};
		C119D218298BB12D003E2902 /* Release */ = {
			isa = XCBuildConfiguration;
			buildSettings = {
				ASSETCATALOG_COMPILER_APPICON_NAME = AppIcon;
				ASSETCATALOG_COMPILER_GLOBAL_ACCENT_COLOR_NAME = AccentColor;
				CODE_SIGN_STYLE = Automatic;
				CURRENT_PROJECT_VERSION = 1;
				DEVELOPMENT_ASSET_PATHS = "\"Restart-App-Dhanush/Preview Content\"";
				DEVELOPMENT_TEAM = 4QZ26LT3W2;
				ENABLE_PREVIEWS = YES;
				GENERATE_INFOPLIST_FILE = YES;
				INFOPLIST_FILE = "Restart-App-Dhanush/Info.plist";
				INFOPLIST_KEY_UIApplicationSceneManifest_Generation = YES;
				INFOPLIST_KEY_UIApplicationSupportsIndirectInputEvents = YES;
				INFOPLIST_KEY_UISupportedInterfaceOrientations = UIInterfaceOrientationPortrait;
				LD_RUNPATH_SEARCH_PATHS = (
					"$(inherited)",
					"@executable_path/Frameworks",
				);
				MARKETING_VERSION = 1.0;
				PRODUCT_BUNDLE_IDENTIFIER = "co.dhanush.Restart-App-Dhanush";
				PRODUCT_NAME = "$(TARGET_NAME)";
				SWIFT_EMIT_LOC_STRINGS = YES;
				SWIFT_VERSION = 5.0;
				TARGETED_DEVICE_FAMILY = "1,2";
			};
			name = Release;
		};
/* End XCBuildConfiguration section */

/* Begin XCConfigurationList section */
		C119D203298BB12B003E2902 /* Build configuration list for PBXProject "Restart-App-Dhanush" */ = {
			isa = XCConfigurationList;
			buildConfigurations = (
				C119D214298BB12D003E2902 /* Debug */,
				C119D215298BB12D003E2902 /* Release */,
			);
			defaultConfigurationIsVisible = 0;
			defaultConfigurationName = Release;
		};
		C119D216298BB12D003E2902 /* Build configuration list for PBXNativeTarget "Restart-App-Dhanush" */ = {
			isa = XCConfigurationList;
			buildConfigurations = (
				C119D217298BB12D003E2902 /* Debug */,
				C119D218298BB12D003E2902 /* Release */,
			);
			defaultConfigurationIsVisible = 0;
			defaultConfigurationName = Release;
		};
/* End XCConfigurationList section */
	};
	rootObject = C119D200298BB12B003E2902 /* Project object */;
}
